
Microsoft Visual Studio Solution File, Format Version 12.00
# Visual Studio Version 16
VisualStudioVersion = 16.0.31515.178
MinimumVisualStudioVersion = 10.0.40219.1
Project("{FAE04EC0-301F-11D3-BF4B-00C04F79EFBC}") = "CrudNewProject", "CrudNewProject\CrudNewProject.csproj", "{4D9169D7-AE66-4DE7-9519-C25AF9B33651}"
EndProject
Global
	GlobalSection(SolutionConfigurationPlatforms) = preSolution
		Debug|Any CPU = Debug|Any CPU
		Release|Any CPU = Release|Any CPU
	EndGlobalSection
	GlobalSection(ProjectConfigurationPlatforms) = postSolution
		{4D9169D7-AE66-4DE7-9519-C25AF9B33651}.Debug|Any CPU.ActiveCfg = Debug|Any CPU
		{4D9169D7-AE66-4DE7-9519-C25AF9B33651}.Debug|Any CPU.Build.0 = Debug|Any CPU
		{4D9169D7-AE66-4DE7-9519-C25AF9B33651}.Release|Any CPU.ActiveCfg = Release|Any CPU
		{4D9169D7-AE66-4DE7-9519-C25AF9B33651}.Release|Any CPU.Build.0 = Release|Any CPU
	EndGlobalSection
	GlobalSection(SolutionProperties) = preSolution
		HideSolutionNode = FALSE
	EndGlobalSection
	GlobalSection(ExtensibilityGlobals) = postSolution
		SolutionGuid = {56212B00-C9FD-4004-A751-226B9C9C84A0}
	EndGlobalSection
EndGlobal
